
Microsoft Visual Studio Solution File, Format Version 12.00
# Visual Studio Version 17
VisualStudioVersion = 17.2.32519.379
MinimumVisualStudioVersion = 10.0.40219.1
Project("{FAE04EC0-301F-11D3-BF4B-00C04F79EFBC}") = "DinhThiTuyetChinh_Exercise1", "DinhThiTuyetChinh_Exercise1\DinhThiTuyetChinh_Exercise1.csproj", "{F3282228-9187-49BC-A579-5A4A6ABC6383}"
EndProject
Global
	GlobalSection(SolutionConfigurationPlatforms) = preSolution
		Debug|Any CPU = Debug|Any CPU
		Release|Any CPU = Release|Any CPU
	EndGlobalSection
	GlobalSection(ProjectConfigurationPlatforms) = postSolution
		{F3282228-9187-49BC-A579-5A4A6ABC6383}.Debug|Any CPU.ActiveCfg = Debug|Any CPU
		{F3282228-9187-49BC-A579-5A4A6ABC6383}.Debug|Any CPU.Build.0 = Debug|Any CPU
		{F3282228-9187-49BC-A579-5A4A6ABC6383}.Release|Any CPU.ActiveCfg = Release|Any CPU
		{F3282228-9187-49BC-A579-5A4A6ABC6383}.Release|Any CPU.Build.0 = Release|Any CPU
	EndGlobalSection
	GlobalSection(SolutionProperties) = preSolution
		HideSolutionNode = FALSE
	EndGlobalSection
	GlobalSection(ExtensibilityGlobals) = postSolution
		SolutionGuid = {FE9F915E-A218-4C87-BB58-633D54E58136}
	EndGlobalSection
EndGlobal
