
Microsoft Visual Studio Solution File, Format Version 12.00
# Visual Studio Version 17
VisualStudioVersion = 17.2.32519.379
MinimumVisualStudioVersion = 10.0.40219.1
Project("{FAE04EC0-301F-11D3-BF4B-00C04F79EFBC}") = "DinhThiTuyetChinh_Exercise1", "DinhThiTuyetChinh_Exercise1.csproj", "{513C8339-0519-470B-9B33-A260870AD111}"
EndProject
Global
	GlobalSection(SolutionConfigurationPlatforms) = preSolution
		Debug|Any CPU = Debug|Any CPU
		Release|Any CPU = Release|Any CPU
	EndGlobalSection
	GlobalSection(ProjectConfigurationPlatforms) = postSolution
		{513C8339-0519-470B-9B33-A260870AD111}.Debug|Any CPU.ActiveCfg = Debug|Any CPU
		{513C8339-0519-470B-9B33-A260870AD111}.Debug|Any CPU.Build.0 = Debug|Any CPU
		{513C8339-0519-470B-9B33-A260870AD111}.Release|Any CPU.ActiveCfg = Release|Any CPU
		{513C8339-0519-470B-9B33-A260870AD111}.Release|Any CPU.Build.0 = Release|Any CPU
	EndGlobalSection
	GlobalSection(SolutionProperties) = preSolution
		HideSolutionNode = FALSE
	EndGlobalSection
	GlobalSection(ExtensibilityGlobals) = postSolution
		SolutionGuid = {4EAE3CE1-E9EA-48DC-BA70-81EFB85DEDD3}
	EndGlobalSection
EndGlobal
